// !$*UTF8*$!
{
	archiveVersion = 1;
	classes = {
	};
	objectVersion = 46;
	objects = {

/* Begin PBXBuildFile section */
		183218251A24509600B9E0F7 /* TextfieldViewController.m in Sources */ = {isa = PBXBuildFile; fileRef = 183218241A24509600B9E0F7 /* TextfieldViewController.m */; };
		183A1A6E1A249B8200234387 /* PostNotificationViewController.m in Sources */ = {isa = PBXBuildFile; fileRef = 183A1A6D1A249B8200234387 /* PostNotificationViewController.m */; };
		18F8C9E31A217E9A003A93A0 /* main.m in Sources */ = {isa = PBXBuildFile; fileRef = 18F8C9E21A217E9A003A93A0 /* main.m */; };
		18F8C9E61A217E9A003A93A0 /* AppDelegate.m in Sources */ = {isa = PBXBuildFile; fileRef = 18F8C9E51A217E9A003A93A0 /* AppDelegate.m */; };
		18F8C9E91A217E9A003A93A0 /* ViewController.m in Sources */ = {isa = PBXBuildFile; fileRef = 18F8C9E81A217E9A003A93A0 /* ViewController.m */; };
		18F8C9EC1A217E9A003A93A0 /* Main.storyboard in Resources */ = {isa = PBXBuildFile; fileRef = 18F8C9EA1A217E9A003A93A0 /* Main.storyboard */; };
		18F8C9EE1A217E9A003A93A0 /* Images.xcassets in Resources */ = {isa = PBXBuildFile; fileRef = 18F8C9ED1A217E9A003A93A0 /* Images.xcassets */; };
		18F8C9F11A217E9A003A93A0 /* LaunchScreen.xib in Resources */ = {isa = PBXBuildFile; fileRef = 18F8C9EF1A217E9A003A93A0 /* LaunchScreen.xib */; };
		18F8C9FD1A217E9A003A93A0 /* UINavigationControllerTests.m in Sources */ = {isa = PBXBuildFile; fileRef = 18F8C9FC1A217E9A003A93A0 /* UINavigationControllerTests.m */; };
		18F8CA081A218C3A003A93A0 /* ItemViewController.m in Sources */ = {isa = PBXBuildFile; fileRef = 18F8CA071A218C39003A93A0 /* ItemViewController.m */; };
		18F8CA141A218FF1003A93A0 /* icon_praise.png in Resources */ = {isa = PBXBuildFile; fileRef = 18F8CA0C1A218FF1003A93A0 /* icon_praise.png */; };
		18F8CA151A218FF1003A93A0 /* icon_praised.png in Resources */ = {isa = PBXBuildFile; fileRef = 18F8CA0D1A218FF1003A93A0 /* icon_praised.png */; };
		18F8CA161A218FF1003A93A0 /* icon_transfer_forbidden.png in Resources */ = {isa = PBXBuildFile; fileRef = 18F8CA0E1A218FF1003A93A0 /* icon_transfer_forbidden.png */; };
		18F8CA171A218FF1003A93A0 /* icon_transfer_n.png in Resources */ = {isa = PBXBuildFile; fileRef = 18F8CA0F1A218FF1003A93A0 /* icon_transfer_n.png */; };
		18F8CA181A218FF1003A93A0 /* image0.jpg in Resources */ = {isa = PBXBuildFile; fileRef = 18F8CA101A218FF1003A93A0 /* image0.jpg */; };
		18F8CA191A218FF1003A93A0 /* nav_bar_image.png in Resources */ = {isa = PBXBuildFile; fileRef = 18F8CA111A218FF1003A93A0 /* nav_bar_image.png */; };
		18F8CA1A1A218FF1003A93A0 /* nav_bar_image2.png in Resources */ = {isa = PBXBuildFile; fileRef = 18F8CA121A218FF1003A93A0 /* nav_bar_image2.png */; };
		18F8CA1B1A218FF1003A93A0 /* nav_bar_item@2x.png in Resources */ = {isa = PBXBuildFile; fileRef = 18F8CA131A218FF1003A93A0 /* nav_bar_item@2x.png */; };
/* End PBXBuildFile section */

/* Begin PBXContainerItemProxy section */
		18F8C9F71A217E9A003A93A0 /* PBXContainerItemProxy */ = {
			isa = PBXContainerItemProxy;
			containerPortal = 18F8C9D51A217E9A003A93A0 /* Project object */;
			proxyType = 1;
			remoteGlobalIDString = 18F8C9DC1A217E9A003A93A0;
			remoteInfo = UINavigationController;
		};
/* End PBXContainerItemProxy section */

/* Begin PBXFileReference section */
		183218231A24509600B9E0F7 /* TextfieldViewController.h */ = {isa = PBXFileReference; fileEncoding = 4; lastKnownFileType = sourcecode.c.h; path = TextfieldViewController.h; sourceTree = "<group>"; };
		183218241A24509600B9E0F7 /* TextfieldViewController.m */ = {isa = PBXFileReference; fileEncoding = 4; lastKnownFileType = sourcecode.c.objc; path = TextfieldViewController.m; sourceTree = "<group>"; };
		183A1A6C1A249B8200234387 /* PostNotificationViewController.h */ = {isa = PBXFileReference; fileEncoding = 4; lastKnownFileType = sourcecode.c.h; path = PostNotificationViewController.h; sourceTree = "<group>"; };
		183A1A6D1A249B8200234387 /* PostNotificationViewController.m */ = {isa = PBXFileReference; fileEncoding = 4; lastKnownFileType = sourcecode.c.objc; path = PostNotificationViewController.m; sourceTree = "<group>"; };
		18F8C9DD1A217E9A003A93A0 /* UINavigationController.app */ = {isa = PBXFileReference; explicitFileType = wrapper.application; includeInIndex = 0; path = UINavigationController.app; sourceTree = BUILT_PRODUCTS_DIR; };
		18F8C9E11A217E9A003A93A0 /* Info.plist */ = {isa = PBXFileReference; lastKnownFileType = text.plist.xml; path = Info.plist; sourceTree = "<group>"; };
		18F8C9E21A217E9A003A93A0 /* main.m */ = {isa = PBXFileReference; lastKnownFileType = sourcecode.c.objc; path = main.m; sourceTree = "<group>"; };
		18F8C9E41A217E9A003A93A0 /* AppDelegate.h */ = {isa = PBXFileReference; lastKnownFileType = sourcecode.c.h; path = AppDelegate.h; sourceTree = "<group>"; };
		18F8C9E51A217E9A003A93A0 /* AppDelegate.m */ = {isa = PBXFileReference; lastKnownFileType = sourcecode.c.objc; path = AppDelegate.m; sourceTree = "<group>"; };
		18F8C9E71A217E9A003A93A0 /* ViewController.h */ = {isa = PBXFileReference; lastKnownFileType = sourcecode.c.h; path = ViewController.h; sourceTree = "<group>"; };
		18F8C9E81A217E9A003A93A0 /* ViewController.m */ = {isa = PBXFileReference; lastKnownFileType = sourcecode.c.objc; path = ViewController.m; sourceTree = "<group>"; };
		18F8C9EB1A217E9A003A93A0 /* Base */ = {isa = PBXFileReference; lastKnownFileType = file.storyboard; name = Base; path = Base.lproj/Main.storyboard; sourceTree = "<group>"; };
		18F8C9ED1A217E9A003A93A0 /* Images.xcassets */ = {isa = PBXFileReference; lastKnownFileType = folder.assetcatalog; path = Images.xcassets; sourceTree = "<group>"; };
		18F8C9F01A217E9A003A93A0 /* Base */ = {isa = PBXFileReference; lastKnownFileType = file.xib; name = Base; path = Base.lproj/LaunchScreen.xib; sourceTree = "<group>"; };
		18F8C9F61A217E9A003A93A0 /* UINavigationControllerTests.xctest */ = {isa = PBXFileReference; explicitFileType = wrapper.cfbundle; includeInIndex = 0; path = UINavigationControllerTests.xctest; sourceTree = BUILT_PRODUCTS_DIR; };
		18F8C9FB1A217E9A003A93A0 /* Info.plist */ = {isa = PBXFileReference; lastKnownFileType = text.plist.xml; path = Info.plist; sourceTree = "<group>"; };
		18F8C9FC1A217E9A003A93A0 /* UINavigationControllerTests.m */ = {isa = PBXFileReference; lastKnownFileType = sourcecode.c.objc; path = UINavigationControllerTests.m; sourceTree = "<group>"; };
		18F8CA061A218C39003A93A0 /* ItemViewController.h */ = {isa = PBXFileReference; fileEncoding = 4; lastKnownFileType = sourcecode.c.h; path = ItemViewController.h; sourceTree = "<group>"; };
		18F8CA071A218C39003A93A0 /* ItemViewController.m */ = {isa = PBXFileReference; fileEncoding = 4; lastKnownFileType = sourcecode.c.objc; path = ItemViewController.m; sourceTree = "<group>"; };
		18F8CA0C1A218FF1003A93A0 /* icon_praise.png */ = {isa = PBXFileReference; lastKnownFileType = image.png; path = icon_praise.png; sourceTree = "<group>"; };
		18F8CA0D1A218FF1003A93A0 /* icon_praised.png */ = {isa = PBXFileReference; lastKnownFileType = image.png; path = icon_praised.png; sourceTree = "<group>"; };
		18F8CA0E1A218FF1003A93A0 /* icon_transfer_forbidden.png */ = {isa = PBXFileReference; lastKnownFileType = image.png; path = icon_transfer_forbidden.png; sourceTree = "<group>"; };
		18F8CA0F1A218FF1003A93A0 /* icon_transfer_n.png */ = {isa = PBXFileReference; lastKnownFileType = image.png; path = icon_transfer_n.png; sourceTree = "<group>"; };
		18F8CA101A218FF1003A93A0 /* image0.jpg */ = {isa = PBXFileReference; lastKnownFileType = image.jpeg; path = image0.jpg; sourceTree = "<group>"; };
		18F8CA111A218FF1003A93A0 /* nav_bar_image.png */ = {isa = PBXFileReference; lastKnownFileType = image.png; path = nav_bar_image.png; sourceTree = "<group>"; };
		18F8CA121A218FF1003A93A0 /* nav_bar_image2.png */ = {isa = PBXFileReference; lastKnownFileType = image.png; path = nav_bar_image2.png; sourceTree = "<group>"; };
		18F8CA131A218FF1003A93A0 /* nav_bar_item@2x.png */ = {isa = PBXFileReference; lastKnownFileType = image.png; path = "nav_bar_item@2x.png"; sourceTree = "<group>"; };
/* End PBXFileReference section */

/* Begin PBXFrameworksBuildPhase section */
		18F8C9DA1A217E9A003A93A0 /* Frameworks */ = {
			isa = PBXFrameworksBuildPhase;
			buildActionMask = 2147483647;
			files = (
			);
			runOnlyForDeploymentPostprocessing = 0;
		};
		18F8C9F31A217E9A003A93A0 /* Frameworks */ = {
			isa = PBXFrameworksBuildPhase;
			buildActionMask = 2147483647;
			files = (
			);
			runOnlyForDeploymentPostprocessing = 0;
		};
/* End PBXFrameworksBuildPhase section */

/* Begin PBXGroup section */
		18F8C9D41A217E9A003A93A0 = {
			isa = PBXGroup;
			children = (
				18F8C9DF1A217E9A003A93A0 /* UINavigationController */,
				18F8C9F91A217E9A003A93A0 /* UINavigationControllerTests */,
				18F8C9DE1A217E9A003A93A0 /* Products */,
			);
			sourceTree = "<group>";
		};
		18F8C9DE1A217E9A003A93A0 /* Products */ = {
			isa = PBXGroup;
			children = (
				18F8C9DD1A217E9A003A93A0 /* UINavigationController.app */,
				18F8C9F61A217E9A003A93A0 /* UINavigationControllerTests.xctest */,
			);
			name = Products;
			sourceTree = "<group>";
		};
		18F8C9DF1A217E9A003A93A0 /* UINavigationController */ = {
			isa = PBXGroup;
			children = (
				18F8CA0B1A218FF1003A93A0 /* Images */,
				18F8C9E41A217E9A003A93A0 /* AppDelegate.h */,
				18F8C9E51A217E9A003A93A0 /* AppDelegate.m */,
				18F8C9E71A217E9A003A93A0 /* ViewController.h */,
				18F8C9E81A217E9A003A93A0 /* ViewController.m */,
				18F8CA061A218C39003A93A0 /* ItemViewController.h */,
				18F8CA071A218C39003A93A0 /* ItemViewController.m */,
				183218231A24509600B9E0F7 /* TextfieldViewController.h */,
				183218241A24509600B9E0F7 /* TextfieldViewController.m */,
				183A1A6C1A249B8200234387 /* PostNotificationViewController.h */,
				183A1A6D1A249B8200234387 /* PostNotificationViewController.m */,
				18F8C9EA1A217E9A003A93A0 /* Main.storyboard */,
				18F8C9ED1A217E9A003A93A0 /* Images.xcassets */,
				18F8C9EF1A217E9A003A93A0 /* LaunchScreen.xib */,
				18F8C9E01A217E9A003A93A0 /* Supporting Files */,
			);
			path = UINavigationController;
			sourceTree = "<group>";
		};
		18F8C9E01A217E9A003A93A0 /* Supporting Files */ = {
			isa = PBXGroup;
			children = (
				18F8C9E11A217E9A003A93A0 /* Info.plist */,
				18F8C9E21A217E9A003A93A0 /* main.m */,
			);
			name = "Supporting Files";
			sourceTree = "<group>";
		};
		18F8C9F91A217E9A003A93A0 /* UINavigationControllerTests */ = {
			isa = PBXGroup;
			children = (
				18F8C9FC1A217E9A003A93A0 /* UINavigationControllerTests.m */,
				18F8C9FA1A217E9A003A93A0 /* Supporting Files */,
			);
			path = UINavigationControllerTests;
			sourceTree = "<group>";
		};
		18F8C9FA1A217E9A003A93A0 /* Supporting Files */ = {
			isa = PBXGroup;
			children = (
				18F8C9FB1A217E9A003A93A0 /* Info.plist */,
			);
			name = "Supporting Files";
			sourceTree = "<group>";
		};
		18F8CA0B1A218FF1003A93A0 /* Images */ = {
			isa = PBXGroup;
			children = (
				18F8CA0C1A218FF1003A93A0 /* icon_praise.png */,
				18F8CA0D1A218FF1003A93A0 /* icon_praised.png */,
				18F8CA0E1A218FF1003A93A0 /* icon_transfer_forbidden.png */,
				18F8CA0F1A218FF1003A93A0 /* icon_transfer_n.png */,
				18F8CA101A218FF1003A93A0 /* image0.jpg */,
				18F8CA111A218FF1003A93A0 /* nav_bar_image.png */,
				18F8CA121A218FF1003A93A0 /* nav_bar_image2.png */,
				18F8CA131A218FF1003A93A0 /* nav_bar_item@2x.png */,
			);
			path = Images;
			sourceTree = "<group>";
		};
/* End PBXGroup section */

/* Begin PBXNativeTarget section */
		18F8C9DC1A217E9A003A93A0 /* UINavigationController */ = {
			isa = PBXNativeTarget;
			buildConfigurationList = 18F8CA001A217E9A003A93A0 /* Build configuration list for PBXNativeTarget "UINavigationController" */;
			buildPhases = (
				18F8C9D91A217E9A003A93A0 /* Sources */,
				18F8C9DA1A217E9A003A93A0 /* Frameworks */,
				18F8C9DB1A217E9A003A93A0 /* Resources */,
			);
			buildRules = (
			);
			dependencies = (
			);
			name = UINavigationController;
			productName = UINavigationController;
			productReference = 18F8C9DD1A217E9A003A93A0 /* UINavigationController.app */;
			productType = "com.apple.product-type.application";
		};
		18F8C9F51A217E9A003A93A0 /* UINavigationControllerTests */ = {
			isa = PBXNativeTarget;
			buildConfigurationList = 18F8CA031A217E9A003A93A0 /* Build configuration list for PBXNativeTarget "UINavigationControllerTests" */;
			buildPhases = (
				18F8C9F21A217E9A003A93A0 /* Sources */,
				18F8C9F31A217E9A003A93A0 /* Frameworks */,
				18F8C9F41A217E9A003A93A0 /* Resources */,
			);
			buildRules = (
			);
			dependencies = (
				18F8C9F81A217E9A003A93A0 /* PBXTargetDependency */,
			);
			name = UINavigationControllerTests;
			productName = UINavigationControllerTests;
			productReference = 18F8C9F61A217E9A003A93A0 /* UINavigationControllerTests.xctest */;
			productType = "com.apple.product-type.bundle.unit-test";
		};
/* End PBXNativeTarget section */

/* Begin PBXProject section */
		18F8C9D51A217E9A003A93A0 /* Project object */ = {
			isa = PBXProject;
			attributes = {
				LastUpgradeCheck = 0600;
				ORGANIZATIONNAME = lcx;
				TargetAttributes = {
					18F8C9DC1A217E9A003A93A0 = {
						CreatedOnToolsVersion = 6.0.1;
					};
					18F8C9F51A217E9A003A93A0 = {
						CreatedOnToolsVersion = 6.0.1;
						TestTargetID = 18F8C9DC1A217E9A003A93A0;
					};
				};
			};
			buildConfigurationList = 18F8C9D81A217E9A003A93A0 /* Build configuration list for PBXProject "UINavigationController" */;
			compatibilityVersion = "Xcode 3.2";
			developmentRegion = English;
			hasScannedForEncodings = 0;
			knownRegions = (
				en,
				Base,
			);
			mainGroup = 18F8C9D41A217E9A003A93A0;
			productRefGroup = 18F8C9DE1A217E9A003A93A0 /* Products */;
			projectDirPath = "";
			projectRoot = "";
			targets = (
				18F8C9DC1A217E9A003A93A0 /* UINavigationController */,
				18F8C9F51A217E9A003A93A0 /* UINavigationControllerTests */,
			);
		};
/* End PBXProject section */

/* Begin PBXResourcesBuildPhase section */
		18F8C9DB1A217E9A003A93A0 /* Resources */ = {
			isa = PBXResourcesBuildPhase;
			buildActionMask = 2147483647;
			files = (
				18F8CA1A1A218FF1003A93A0 /* nav_bar_image2.png in Resources */,
				18F8CA171A218FF1003A93A0 /* icon_transfer_n.png in Resources */,
				18F8CA151A218FF1003A93A0 /* icon_praised.png in Resources */,
				18F8C9EC1A217E9A003A93A0 /* Main.storyboard in Resources */,
				18F8C9F11A217E9A003A93A0 /* LaunchScreen.xib in Resources */,
				18F8CA181A218FF1003A93A0 /* image0.jpg in Resources */,
				18F8CA161A218FF1003A93A0 /* icon_transfer_forbidden.png in Resources */,
				18F8CA141A218FF1003A93A0 /* icon_praise.png in Resources */,
				18F8C9EE1A217E9A003A93A0 /* Images.xcassets in Resources */,
				18F8CA1B1A218FF1003A93A0 /* nav_bar_item@2x.png in Resources */,
				18F8CA191A218FF1003A93A0 /* nav_bar_image.png in Resources */,
			);
			runOnlyForDeploymentPostprocessing = 0;
		};
		18F8C9F41A217E9A003A93A0 /* Resources */ = {
			isa = PBXResourcesBuildPhase;
			buildActionMask = 2147483647;
			files = (
			);
			runOnlyForDeploymentPostprocessing = 0;
		};
/* End PBXResourcesBuildPhase section */

/* Begin PBXSourcesBuildPhase section */
		18F8C9D91A217E9A003A93A0 /* Sources */ = {
			isa = PBXSourcesBuildPhase;
			buildActionMask = 2147483647;
			files = (
				18F8C9E91A217E9A003A93A0 /* ViewController.m in Sources */,
				183218251A24509600B9E0F7 /* TextfieldViewController.m in Sources */,
				183A1A6E1A249B8200234387 /* PostNotificationViewController.m in Sources */,
				18F8CA081A218C3A003A93A0 /* ItemViewController.m in Sources */,
				18F8C9E61A217E9A003A93A0 /* AppDelegate.m in Sources */,
				18F8C9E31A217E9A003A93A0 /* main.m in Sources */,
			);
			runOnlyForDeploymentPostprocessing = 0;
		};
		18F8C9F21A217E9A003A93A0 /* Sources */ = {
			isa = PBXSourcesBuildPhase;
			buildActionMask = 2147483647;
			files = (
				18F8C9FD1A217E9A003A93A0 /* UINavigationControllerTests.m in Sources */,
			);
			runOnlyForDeploymentPostprocessing = 0;
		};
/* End PBXSourcesBuildPhase section */

/* Begin PBXTargetDependency section */
		18F8C9F81A217E9A003A93A0 /* PBXTargetDependency */ = {
			isa = PBXTargetDependency;
			target = 18F8C9DC1A217E9A003A93A0 /* UINavigationController */;
			targetProxy = 18F8C9F71A217E9A003A93A0 /* PBXContainerItemProxy */;
		};
/* End PBXTargetDependency section */

/* Begin PBXVariantGroup section */
		18F8C9EA1A217E9A003A93A0 /* Main.storyboard */ = {
			isa = PBXVariantGroup;
			children = (
				18F8C9EB1A217E9A003A93A0 /* Base */,
			);
			name = Main.storyboard;
			sourceTree = "<group>";
		};
		18F8C9EF1A217E9A003A93A0 /* LaunchScreen.xib */ = {
			isa = PBXVariantGroup;
			children = (
				18F8C9F01A217E9A003A93A0 /* Base */,
			);
			name = LaunchScreen.xib;
			sourceTree = "<group>";
		};
/* End PBXVariantGroup section */

/* Begin XCBuildConfiguration section */
		18F8C9FE1A217E9A003A93A0 /* Debug */ = {
			isa = XCBuildConfiguration;
			buildSettings = {
				ALWAYS_SEARCH_USER_PATHS = NO;
				CLANG_CXX_LANGUAGE_STANDARD = "gnu++0x";
				CLANG_CXX_LIBRARY = "libc++";
				CLANG_ENABLE_MODULES = YES;
				CLANG_ENABLE_OBJC_ARC = YES;
				CLANG_WARN_BOOL_CONVERSION = YES;
				CLANG_WARN_CONSTANT_CONVERSION = YES;
				CLANG_WARN_DIRECT_OBJC_ISA_USAGE = YES_ERROR;
				CLANG_WARN_EMPTY_BODY = YES;
				CLANG_WARN_ENUM_CONVERSION = YES;
				CLANG_WARN_INT_CONVERSION = YES;
				CLANG_WARN_OBJC_ROOT_CLASS = YES_ERROR;
				CLANG_WARN_UNREACHABLE_CODE = YES;
				CLANG_WARN__DUPLICATE_METHOD_MATCH = YES;
				"CODE_SIGN_IDENTITY[sdk=iphoneos*]" = "iPhone Developer";
				COPY_PHASE_STRIP = NO;
				ENABLE_STRICT_OBJC_MSGSEND = YES;
				GCC_C_LANGUAGE_STANDARD = gnu99;
				GCC_DYNAMIC_NO_PIC = NO;
				GCC_OPTIMIZATION_LEVEL = 0;
				GCC_PREPROCESSOR_DEFINITIONS = (
					"DEBUG=1",
					"$(inherited)",
				);
				GCC_SYMBOLS_PRIVATE_EXTERN = NO;
				GCC_WARN_64_TO_32_BIT_CONVERSION = YES;
				GCC_WARN_ABOUT_RETURN_TYPE = YES_ERROR;
				GCC_WARN_UNDECLARED_SELECTOR = YES;
				GCC_WARN_UNINITIALIZED_AUTOS = YES_AGGRESSIVE;
				GCC_WARN_UNUSED_FUNCTION = YES;
				GCC_WARN_UNUSED_VARIABLE = YES;
				IPHONEOS_DEPLOYMENT_TARGET = 8.0;
				MTL_ENABLE_DEBUG_INFO = YES;
				ONLY_ACTIVE_ARCH = YES;
				SDKROOT = iphoneos;
			};
			name = Debug;
		};
		18F8C9FF1A217E9A003A93A0 /* Release */ = {
			isa = XCBuildConfiguration;
			buildSettings = {
				ALWAYS_SEARCH_USER_PATHS = NO;
				CLANG_CXX_LANGUAGE_STANDARD = "gnu++0x";
				CLANG_CXX_LIBRARY = "libc++";
				CLANG_ENABLE_MODULES = YES;
				CLANG_ENABLE_OBJC_ARC = YES;
				CLANG_WARN_BOOL_CONVERSION = YES;
				CLANG_WARN_CONSTANT_CONVERSION = YES;
				CLANG_WARN_DIRECT_OBJC_ISA_USAGE = YES_ERROR;
				CLANG_WARN_EMPTY_BODY = YES;
				CLANG_WARN_ENUM_CONVERSION = YES;
				CLANG_WARN_INT_CONVERSION = YES;
				CLANG_WARN_OBJC_ROOT_CLASS = YES_ERROR;
				CLANG_WARN_UNREACHABLE_CODE = YES;
				CLANG_WARN__DUPLICATE_METHOD_MATCH = YES;
				"CODE_SIGN_IDENTITY[sdk=iphoneos*]" = "iPhone Developer";
				COPY_PHASE_STRIP = YES;
				ENABLE_NS_ASSERTIONS = NO;
				ENABLE_STRICT_OBJC_MSGSEND = YES;
				GCC_C_LANGUAGE_STANDARD = gnu99;
				GCC_WARN_64_TO_32_BIT_CONVERSION = YES;
				GCC_WARN_ABOUT_RETURN_TYPE = YES_ERROR;
				GCC_WARN_UNDECLARED_SELECTOR = YES;
				GCC_WARN_UNINITIALIZED_AUTOS = YES_AGGRESSIVE;
				GCC_WARN_UNUSED_FUNCTION = YES;
				GCC_WARN_UNUSED_VARIABLE = YES;
				IPHONEOS_DEPLOYMENT_TARGET = 8.0;
				MTL_ENABLE_DEBUG_INFO = NO;
				SDKROOT = iphoneos;
				VALIDATE_PRODUCT = YES;
			};
			name = Release;
		};
		18F8CA011A217E9A003A93A0 /* Debug */ = {
			isa = XCBuildConfiguration;
			buildSettings = {
				ASSETCATALOG_COMPILER_APPICON_NAME = AppIcon;
				INFOPLIST_FILE = UINavigationController/Info.plist;
				LD_RUNPATH_SEARCH_PATHS = "$(inherited) @executable_path/Frameworks";
				PRODUCT_NAME = "$(TARGET_NAME)";
			};
			name = Debug;
		};
		18F8CA021A217E9A003A93A0 /* Release */ = {
			isa = XCBuildConfiguration;
			buildSettings = {
				ASSETCATALOG_COMPILER_APPICON_NAME = AppIcon;
				INFOPLIST_FILE = UINavigationController/Info.plist;
				LD_RUNPATH_SEARCH_PATHS = "$(inherited) @executable_path/Frameworks";
				PRODUCT_NAME = "$(TARGET_NAME)";
			};
			name = Release;
		};
		18F8CA041A217E9A003A93A0 /* Debug */ = {
			isa = XCBuildConfiguration;
			buildSettings = {
				BUNDLE_LOADER = "$(TEST_HOST)";
				FRAMEWORK_SEARCH_PATHS = (
					"$(SDKROOT)/Developer/Library/Frameworks",
					"$(inherited)",
				);
				GCC_PREPROCESSOR_DEFINITIONS = (
					"DEBUG=1",
					"$(inherited)",
				);
				INFOPLIST_FILE = UINavigationControllerTests/Info.plist;
				LD_RUNPATH_SEARCH_PATHS = "$(inherited) @executable_path/Frameworks @loader_path/Frameworks";
				PRODUCT_NAME = "$(TARGET_NAME)";
				TEST_HOST = "$(BUILT_PRODUCTS_DIR)/UINavigationController.app/UINavigationController";
			};
			name = Debug;
		};
		18F8CA051A217E9A003A93A0 /* Release */ = {
			isa = XCBuildConfiguration;
			buildSettings = {
				BUNDLE_LOADER = "$(TEST_HOST)";
				FRAMEWORK_SEARCH_PATHS = (
					"$(SDKROOT)/Developer/Library/Frameworks",
					"$(inherited)",
				);
				INFOPLIST_FILE = UINavigationControllerTests/Info.plist;
				LD_RUNPATH_SEARCH_PATHS = "$(inherited) @executable_path/Frameworks @loader_path/Frameworks";
				PRODUCT_NAME = "$(TARGET_NAME)";
				TEST_HOST = "$(BUILT_PRODUCTS_DIR)/UINavigationController.app/UINavigationController";
			};
			name = Release;
		};
/* End XCBuildConfiguration section */

/* Begin XCConfigurationList section */
		18F8C9D81A217E9A003A93A0 /* Build configuration list for PBXProject "UINavigationController" */ = {
			isa = XCConfigurationList;
			buildConfigurations = (
				18F8C9FE1A217E9A003A93A0 /* Debug */,
				18F8C9FF1A217E9A003A93A0 /* Release */,
			);
			defaultConfigurationIsVisible = 0;
			defaultConfigurationName = Release;
		};
		18F8CA001A217E9A003A93A0 /* Build configuration list for PBXNativeTarget "UINavigationController" */ = {
			isa = XCConfigurationList;
			buildConfigurations = (
				18F8CA011A217E9A003A93A0 /* Debug */,
				18F8CA021A217E9A003A93A0 /* Release */,
			);
			defaultConfigurationIsVisible = 0;
			defaultConfigurationName = Release;
		};
		18F8CA031A217E9A003A93A0 /* Build configuration list for PBXNativeTarget "UINavigationControllerTests" */ = {
			isa = XCConfigurationList;
			buildConfigurations = (
				18F8CA041A217E9A003A93A0 /* Debug */,
				18F8CA051A217E9A003A93A0 /* Release */,
			);
			defaultConfigurationIsVisible = 0;
			defaultConfigurationName = Release;
		};
/* End XCConfigurationList section */
	};
	rootObject = 18F8C9D51A217E9A003A93A0 /* Project object */;
}
